// !$*UTF8*$!
{
	archiveVersion = 1;
	classes = {
	};
	objectVersion = 46;
	objects = {

/* Begin PBXBuildFile section */
		0BCE4D721F4F044100CF762E /* main.m in Sources */ = {isa = PBXBuildFile; fileRef = 0BCE4D711F4F044100CF762E /* main.m */; };
		0BCE4D751F4F044100CF762E /* AppDelegate.m in Sources */ = {isa = PBXBuildFile; fileRef = 0BCE4D741F4F044100CF762E /* AppDelegate.m */; };
		0BCE4D781F4F044100CF762E /* ViewController.m in Sources */ = {isa = PBXBuildFile; fileRef = 0BCE4D771F4F044100CF762E /* ViewController.m */; };
		0BCE4D7B1F4F044100CF762E /* Main.storyboard in Resources */ = {isa = PBXBuildFile; fileRef = 0BCE4D791F4F044100CF762E /* Main.storyboard */; };
		0BCE4D7D1F4F044100CF762E /* Assets.xcassets in Resources */ = {isa = PBXBuildFile; fileRef = 0BCE4D7C1F4F044100CF762E /* Assets.xcassets */; };
		0BCE4D801F4F044100CF762E /* LaunchScreen.storyboard in Resources */ = {isa = PBXBuildFile; fileRef = 0BCE4D7E1F4F044100CF762E /* LaunchScreen.storyboard */; };
/* End PBXBuildFile section */

/* Begin PBXFileReference section */
		0BCE4D6D1F4F044100CF762E /* test1.app */ = {isa = PBXFileReference; explicitFileType = wrapper.application; includeInIndex = 0; path = test1.app; sourceTree = BUILT_PRODUCTS_DIR; };
		0BCE4D711F4F044100CF762E /* main.m */ = {isa = PBXFileReference; lastKnownFileType = sourcecode.c.objc; path = main.m; sourceTree = "<group>"; };
		0BCE4D731F4F044100CF762E /* AppDelegate.h */ = {isa = PBXFileReference; lastKnownFileType = sourcecode.c.h; path = AppDelegate.h; sourceTree = "<group>"; };
		0BCE4D741F4F044100CF762E /* AppDelegate.m */ = {isa = PBXFileReference; lastKnownFileType = sourcecode.c.objc; path = AppDelegate.m; sourceTree = "<group>"; };
		0BCE4D761F4F044100CF762E /* ViewController.h */ = {isa = PBXFileReference; lastKnownFileType = sourcecode.c.h; path = ViewController.h; sourceTree = "<group>"; };
		0BCE4D771F4F044100CF762E /* ViewController.m */ = {isa = PBXFileReference; lastKnownFileType = sourcecode.c.objc; path = ViewController.m; sourceTree = "<group>"; };
		0BCE4D7A1F4F044100CF762E /* Base */ = {isa = PBXFileReference; lastKnownFileType = file.storyboard; name = Base; path = Base.lproj/Main.storyboard; sourceTree = "<group>"; };
		0BCE4D7C1F4F044100CF762E /* Assets.xcassets */ = {isa = PBXFileReference; lastKnownFileType = folder.assetcatalog; path = Assets.xcassets; sourceTree = "<group>"; };
		0BCE4D7F1F4F044100CF762E /* Base */ = {isa = PBXFileReference; lastKnownFileType = file.storyboard; name = Base; path = Base.lproj/LaunchScreen.storyboard; sourceTree = "<group>"; };
		0BCE4D811F4F044100CF762E /* Info.plist */ = {isa = PBXFileReference; lastKnownFileType = text.plist.xml; path = Info.plist; sourceTree = "<group>"; };
/* End PBXFileReference section */

/* Begin PBXFrameworksBuildPhase section */
		0BCE4D6A1F4F044100CF762E /* Frameworks */ = {
			isa = PBXFrameworksBuildPhase;
			buildActionMask = 2147483647;
			files = (
			);
			runOnlyForDeploymentPostprocessing = 0;
		};
/* End PBXFrameworksBuildPhase section */

/* Begin PBXGroup section */
		0BCE4D641F4F044100CF762E = {
			isa = PBXGroup;
			children = (
				0BCE4D6F1F4F044100CF762E /* test1 */,
				0BCE4D6E1F4F044100CF762E /* Products */,
			);
			sourceTree = "<group>";
		};
		0BCE4D6E1F4F044100CF762E /* Products */ = {
			isa = PBXGroup;
			children = (
				0BCE4D6D1F4F044100CF762E /* test1.app */,
			);
			name = Products;
			sourceTree = "<group>";
		};
		0BCE4D6F1F4F044100CF762E /* test1 */ = {
			isa = PBXGroup;
			children = (
				0BCE4D731F4F044100CF762E /* AppDelegate.h */,
				0BCE4D741F4F044100CF762E /* AppDelegate.m */,
				0BCE4D761F4F044100CF762E /* ViewController.h */,
				0BCE4D771F4F044100CF762E /* ViewController.m */,
				0BCE4D791F4F044100CF762E /* Main.storyboard */,
				0BCE4D7C1F4F044100CF762E /* Assets.xcassets */,
				0BCE4D7E1F4F044100CF762E /* LaunchScreen.storyboard */,
				0BCE4D811F4F044100CF762E /* Info.plist */,
				0BCE4D701F4F044100CF762E /* Supporting Files */,
			);
			path = test1;
			sourceTree = "<group>";
		};
		0BCE4D701F4F044100CF762E /* Supporting Files */ = {
			isa = PBXGroup;
			children = (
				0BCE4D711F4F044100CF762E /* main.m */,
			);
			name = "Supporting Files";
			sourceTree = "<group>";
		};
/* End PBXGroup section */

/* Begin PBXNativeTarget section */
		0BCE4D6C1F4F044100CF762E /* test1 */ = {
			isa = PBXNativeTarget;
			buildConfigurationList = 0BCE4D841F4F044100CF762E /* Build configuration list for PBXNativeTarget "test1" */;
			buildPhases = (
				0BCE4D691F4F044100CF762E /* Sources */,
				0BCE4D6A1F4F044100CF762E /* Frameworks */,
				0BCE4D6B1F4F044100CF762E /* Resources */,
			);
			buildRules = (
			);
			dependencies = (
			);
			name = test1;
			productName = test1;
			productReference = 0BCE4D6D1F4F044100CF762E /* test1.app */;
			productType = "com.apple.product-type.application";
		};
/* End PBXNativeTarget section */

/* Begin PBXProject section */
		0BCE4D651F4F044100CF762E /* Project object */ = {
			isa = PBXProject;
			attributes = {
				LastUpgradeCheck = 0830;
				ORGANIZATIONNAME = Francisco;
				TargetAttributes = {
					0BCE4D6C1F4F044100CF762E = {
						CreatedOnToolsVersion = 8.3.3;
						DevelopmentTeam = WX7N2P897F;
						ProvisioningStyle = Automatic;
					};
				};
			};
			buildConfigurationList = 0BCE4D681F4F044100CF762E /* Build configuration list for PBXProject "test1" */;
			compatibilityVersion = "Xcode 3.2";
			developmentRegion = English;
			hasScannedForEncodings = 0;
			knownRegions = (
				en,
				Base,
			);
			mainGroup = 0BCE4D641F4F044100CF762E;
			productRefGroup = 0BCE4D6E1F4F044100CF762E /* Products */;
			projectDirPath = "";
			projectRoot = "";
			targets = (
				0BCE4D6C1F4F044100CF762E /* test1 */,
			);
		};
/* End PBXProject section */

/* Begin PBXResourcesBuildPhase section */
		0BCE4D6B1F4F044100CF762E /* Resources */ = {
			isa = PBXResourcesBuildPhase;
			buildActionMask = 2147483647;
			files = (
				0BCE4D801F4F044100CF762E /* LaunchScreen.storyboard in Resources */,
				0BCE4D7D1F4F044100CF762E /* Assets.xcassets in Resources */,
				0BCE4D7B1F4F044100CF762E /* Main.storyboard in Resources */,
			);
			runOnlyForDeploymentPostprocessing = 0;
		};
/* End PBXResourcesBuildPhase section */

/* Begin PBXSourcesBuildPhase section */
		0BCE4D691F4F044100CF762E /* Sources */ = {
			isa = PBXSourcesBuildPhase;
			buildActionMask = 2147483647;
			files = (
				0BCE4D781F4F044100CF762E /* ViewController.m in Sources */,
				0BCE4D751F4F044100CF762E /* AppDelegate.m in Sources */,
				0BCE4D721F4F044100CF762E /* main.m in Sources */,
			);
			runOnlyForDeploymentPostprocessing = 0;
		};
/* End PBXSourcesBuildPhase section */

/* Begin PBXVariantGroup section */
		0BCE4D791F4F044100CF762E /* Main.storyboard */ = {
			isa = PBXVariantGroup;
			children = (
				0BCE4D7A1F4F044100CF762E /* Base */,
			);
			name = Main.storyboard;
			sourceTree = "<group>";
		};
		0BCE4D7E1F4F044100CF762E /* LaunchScreen.storyboard */ = {
			isa = PBXVariantGroup;
			children = (
				0BCE4D7F1F4F044100CF762E /* Base */,
			);
			name = LaunchScreen.storyboard;
			sourceTree = "<group>";
		};
/* End PBXVariantGroup section */

/* Begin XCBuildConfiguration section */
		0BCE4D821F4F044100CF762E /* Debug */ = {
			isa = XCBuildConfiguration;
			buildSettings = {
				ALWAYS_SEARCH_USER_PATHS = NO;
				CLANG_ANALYZER_NONNULL = YES;
				CLANG_ANALYZER_NUMBER_OBJECT_CONVERSION = YES_AGGRESSIVE;
				CLANG_CXX_LANGUAGE_STANDARD = "gnu++0x";
				CLANG_CXX_LIBRARY = "libc++";
				CLANG_ENABLE_MODULES = YES;
				CLANG_ENABLE_OBJC_ARC = YES;
				CLANG_WARN_BOOL_CONVERSION = YES;
				CLANG_WARN_CONSTANT_CONVERSION = YES;
				CLANG_WARN_DIRECT_OBJC_ISA_USAGE = YES_ERROR;
				CLANG_WARN_DOCUMENTATION_COMMENTS = YES;
				CLANG_WARN_EMPTY_BODY = YES;
				CLANG_WARN_ENUM_CONVERSION = YES;
				CLANG_WARN_INFINITE_RECURSION = YES;
				CLANG_WARN_INT_CONVERSION = YES;
				CLANG_WARN_OBJC_ROOT_CLASS = YES_ERROR;
				CLANG_WARN_SUSPICIOUS_MOVE = YES;
				CLANG_WARN_UNREACHABLE_CODE = YES;
				CLANG_WARN__DUPLICATE_METHOD_MATCH = YES;
				"CODE_SIGN_IDENTITY[sdk=iphoneos*]" = "iPhone Developer";
				COPY_PHASE_STRIP = NO;
				DEBUG_INFORMATION_FORMAT = dwarf;
				ENABLE_STRICT_OBJC_MSGSEND = YES;
				ENABLE_TESTABILITY = YES;
				GCC_C_LANGUAGE_STANDARD = gnu99;
				GCC_DYNAMIC_NO_PIC = NO;
				GCC_NO_COMMON_BLOCKS = YES;
				GCC_OPTIMIZATION_LEVEL = 0;
				GCC_PREPROCESSOR_DEFINITIONS = (
					"DEBUG=1",
					"$(inherited)",
				);
				GCC_WARN_64_TO_32_BIT_CONVERSION = YES;
				GCC_WARN_ABOUT_RETURN_TYPE = YES_ERROR;
				GCC_WARN_UNDECLARED_SELECTOR = YES;
				GCC_WARN_UNINITIALIZED_AUTOS = YES_AGGRESSIVE;
				GCC_WARN_UNUSED_FUNCTION = YES;
				GCC_WARN_UNUSED_VARIABLE = YES;
				IPHONEOS_DEPLOYMENT_TARGET = 10.3;
				MTL_ENABLE_DEBUG_INFO = YES;
				ONLY_ACTIVE_ARCH = YES;
				SDKROOT = iphoneos;
			};
			name = Debug;
		};
		0BCE4D831F4F044100CF762E /* Release */ = {
			isa = XCBuildConfiguration;
			buildSettings = {
				ALWAYS_SEARCH_USER_PATHS = NO;
				CLANG_ANALYZER_NONNULL = YES;
				CLANG_ANALYZER_NUMBER_OBJECT_CONVERSION = YES_AGGRESSIVE;
				CLANG_CXX_LANGUAGE_STANDARD = "gnu++0x";
				CLANG_CXX_LIBRARY = "libc++";
				CLANG_ENABLE_MODULES = YES;
				CLANG_ENABLE_OBJC_ARC = YES;
				CLANG_WARN_BOOL_CONVERSION = YES;
				CLANG_WARN_CONSTANT_CONVERSION = YES;
				CLANG_WARN_DIRECT_OBJC_ISA_USAGE = YES_ERROR;
				CLANG_WARN_DOCUMENTATION_COMMENTS = YES;
				CLANG_WARN_EMPTY_BODY = YES;
				CLANG_WARN_ENUM_CONVERSION = YES;
				CLANG_WARN_INFINITE_RECURSION = YES;
				CLANG_WARN_INT_CONVERSION = YES;
				CLANG_WARN_OBJC_ROOT_CLASS = YES_ERROR;
				CLANG_WARN_SUSPICIOUS_MOVE = YES;
				CLANG_WARN_UNREACHABLE_CODE = YES;
				CLANG_WARN__DUPLICATE_METHOD_MATCH = YES;
				"CODE_SIGN_IDENTITY[sdk=iphoneos*]" = "iPhone Developer";
				COPY_PHASE_STRIP = NO;
				DEBUG_INFORMATION_FORMAT = "dwarf-with-dsym";
				ENABLE_NS_ASSERTIONS = NO;
				ENABLE_STRICT_OBJC_MSGSEND = YES;
				GCC_C_LANGUAGE_STANDARD = gnu99;
				GCC_NO_COMMON_BLOCKS = YES;
				GCC_WARN_64_TO_32_BIT_CONVERSION = YES;
				GCC_WARN_ABOUT_RETURN_TYPE = YES_ERROR;
				GCC_WARN_UNDECLARED_SELECTOR = YES;
				GCC_WARN_UNINITIALIZED_AUTOS = YES_AGGRESSIVE;
				GCC_WARN_UNUSED_FUNCTION = YES;
				GCC_WARN_UNUSED_VARIABLE = YES;
				IPHONEOS_DEPLOYMENT_TARGET = 10.3;
				MTL_ENABLE_DEBUG_INFO = NO;
				SDKROOT = iphoneos;
				VALIDATE_PRODUCT = YES;
			};
			name = Release;
		};
		0BCE4D851F4F044100CF762E /* Debug */ = {
			isa = XCBuildConfiguration;
			buildSettings = {
				ASSETCATALOG_COMPILER_APPICON_NAME = AppIcon;
				DEVELOPMENT_TEAM = WX7N2P897F;
				INFOPLIST_FILE = test1/Info.plist;
				LD_RUNPATH_SEARCH_PATHS = "$(inherited) @executable_path/Frameworks";
				PRODUCT_BUNDLE_IDENTIFIER = PracticeProjects.test1;
				PRODUCT_NAME = "$(TARGET_NAME)";
			};
			name = Debug;
		};
		0BCE4D861F4F044100CF762E /* Release */ = {
			isa = XCBuildConfiguration;
			buildSettings = {
				ASSETCATALOG_COMPILER_APPICON_NAME = AppIcon;
				DEVELOPMENT_TEAM = WX7N2P897F;
				INFOPLIST_FILE = test1/Info.plist;
				LD_RUNPATH_SEARCH_PATHS = "$(inherited) @executable_path/Frameworks";
				PRODUCT_BUNDLE_IDENTIFIER = PracticeProjects.test1;
				PRODUCT_NAME = "$(TARGET_NAME)";
			};
			name = Release;
		};
/* End XCBuildConfiguration section */

/* Begin XCConfigurationList section */
		0BCE4D681F4F044100CF762E /* Build configuration list for PBXProject "test1" */ = {
			isa = XCConfigurationList;
			buildConfigurations = (
				0BCE4D821F4F044100CF762E /* Debug */,
				0BCE4D831F4F044100CF762E /* Release */,
			);
			defaultConfigurationIsVisible = 0;
			defaultConfigurationName = Release;
		};
		0BCE4D841F4F044100CF762E /* Build configuration list for PBXNativeTarget "test1" */ = {
			isa = XCConfigurationList;
			buildConfigurations = (
				0BCE4D851F4F044100CF762E /* Debug */,
				0BCE4D861F4F044100CF762E /* Release */,
			);
			defaultConfigurationIsVisible = 0;
		};
/* End XCConfigurationList section */
	};
	rootObject = 0BCE4D651F4F044100CF762E /* Project object */;
}
